
Microsoft Visual Studio Solution File, Format Version 12.00
# Visual Studio Version 17
VisualStudioVersion = 17.0.31612.314
MinimumVisualStudioVersion = 10.0.40219.1
Project("{9A19103F-16F7-4668-BE54-9A1E7A4F7556}") = "YettJohan.PubSub.Executable", "src\YettJohan.PubSub.Executable\YettJohan.PubSub.Executable.csproj", "{731FBEE5-81CE-4AD2-9541-A242BA1857BE}"
EndProject
Project("{9A19103F-16F7-4668-BE54-9A1E7A4F7556}") = "YettJohan.PubSub", "src\YettJohan.PubSub\YettJohan.PubSub.csproj", "{A92298B6-AB57-46AB-B4D2-D117E7EAAA39}"
EndProject
Global
	GlobalSection(SolutionConfigurationPlatforms) = preSolution
		Debug|Any CPU = Debug|Any CPU
		Release|Any CPU = Release|Any CPU
	EndGlobalSection
	GlobalSection(ProjectConfigurationPlatforms) = postSolution
		{731FBEE5-81CE-4AD2-9541-A242BA1857BE}.Debug|Any CPU.ActiveCfg = Debug|Any CPU
		{731FBEE5-81CE-4AD2-9541-A242BA1857BE}.Debug|Any CPU.Build.0 = Debug|Any CPU
		{731FBEE5-81CE-4AD2-9541-A242BA1857BE}.Release|Any CPU.ActiveCfg = Release|Any CPU
		{731FBEE5-81CE-4AD2-9541-A242BA1857BE}.Release|Any CPU.Build.0 = Release|Any CPU
		{A92298B6-AB57-46AB-B4D2-D117E7EAAA39}.Debug|Any CPU.ActiveCfg = Debug|Any CPU
		{A92298B6-AB57-46AB-B4D2-D117E7EAAA39}.Debug|Any CPU.Build.0 = Debug|Any CPU
		{A92298B6-AB57-46AB-B4D2-D117E7EAAA39}.Release|Any CPU.ActiveCfg = Release|Any CPU
		{A92298B6-AB57-46AB-B4D2-D117E7EAAA39}.Release|Any CPU.Build.0 = Release|Any CPU
	EndGlobalSection
	GlobalSection(SolutionProperties) = preSolution
		HideSolutionNode = FALSE
	EndGlobalSection
	GlobalSection(ExtensibilityGlobals) = postSolution
		SolutionGuid = {2E74FB20-E9F4-4AE8-9F6A-71DD180B4D26}
	EndGlobalSection
EndGlobal
