
Microsoft Visual Studio Solution File, Format Version 12.00
# Visual Studio Version 17
VisualStudioVersion = 17.0.31612.314
MinimumVisualStudioVersion = 10.0.40219.1
Project("{FAE04EC0-301F-11D3-BF4B-00C04F79EFBC}") = "YettJohan.PubSub", "YettJohan.PubSub\YettJohan.PubSub.csproj", "{2F1960CF-F30E-4413-8C47-F7B7399E4E1F}"
EndProject
Project("{FAE04EC0-301F-11D3-BF4B-00C04F79EFBC}") = "YettJohan.PubSub.Executable", "YettJohan.PubSub.Executable\YettJohan.PubSub.Executable.csproj", "{AD60DCCE-86FB-40A0-8BC1-C84FFB2D00F5}"
EndProject
Global
	GlobalSection(SolutionConfigurationPlatforms) = preSolution
		Debug|Any CPU = Debug|Any CPU
		Release|Any CPU = Release|Any CPU
	EndGlobalSection
	GlobalSection(ProjectConfigurationPlatforms) = postSolution
		{2F1960CF-F30E-4413-8C47-F7B7399E4E1F}.Debug|Any CPU.ActiveCfg = Debug|Any CPU
		{2F1960CF-F30E-4413-8C47-F7B7399E4E1F}.Debug|Any CPU.Build.0 = Debug|Any CPU
		{2F1960CF-F30E-4413-8C47-F7B7399E4E1F}.Release|Any CPU.ActiveCfg = Release|Any CPU
		{2F1960CF-F30E-4413-8C47-F7B7399E4E1F}.Release|Any CPU.Build.0 = Release|Any CPU
		{AD60DCCE-86FB-40A0-8BC1-C84FFB2D00F5}.Debug|Any CPU.ActiveCfg = Debug|Any CPU
		{AD60DCCE-86FB-40A0-8BC1-C84FFB2D00F5}.Debug|Any CPU.Build.0 = Debug|Any CPU
		{AD60DCCE-86FB-40A0-8BC1-C84FFB2D00F5}.Release|Any CPU.ActiveCfg = Release|Any CPU
		{AD60DCCE-86FB-40A0-8BC1-C84FFB2D00F5}.Release|Any CPU.Build.0 = Release|Any CPU
	EndGlobalSection
	GlobalSection(SolutionProperties) = preSolution
		HideSolutionNode = FALSE
	EndGlobalSection
	GlobalSection(ExtensibilityGlobals) = postSolution
		SolutionGuid = {2E74FB20-E9F4-4AE8-9F6A-71DD180B4D26}
	EndGlobalSection
EndGlobal
